{
  "lockfileVersion": 1,
  "configVersion": 1,
  "workspaces": {
    "": {
      "name": "formal-ai-web-bundle",
      "dependencies": {
        "dompurify": "3.3.0",
        "lino-i18n": "0.1.1",
        "marked": "17.0.1",
        "react": "18.3.1",
        "react-dom": "18.3.1",
      },
    },
  },
  "packages": {
    "@types/trusted-types": ["@types/trusted-types@2.0.7", "", {}, "sha512-ScaPdn1dQczgbl0QFTeTOmVHFULt394XJgOQNoyVhZ6r2vLnMLJfBPd53SB52T/3G36VI1/g2MZaX0cwDuXsfw=="],

    "ansi-regex": ["ansi-regex@5.0.1", "", {}, "sha512-quJQXlTSUGL2LH9SUXo8VwsY4soanhgo6LNSm84E1LBcE8s3O0wpdiRzyR9z/ZZJMlMWv37qOOb9pdJlMUEKFQ=="],

    "ansi-styles": ["ansi-styles@4.3.0", "", { "dependencies": { "color-convert": "^2.0.1" } }, "sha512-zbB9rCJAT1rbjiVDb2hqKFHNYLxgtk8NURxZ3IZwD3F6NtxbXZQCnnSi1Lkx+IDohdPlFp222wVALIheZJQSEg=="],

    "cliui": ["cliui@8.0.1", "", { "dependencies": { "string-width": "^4.2.0", "strip-ansi": "^6.0.1", "wrap-ansi": "^7.0.0" } }, "sha512-BSeNnyus75C4//NQ9gQt1/csTXyo/8Sb+afLAkzAptFuMsod9HFokGNudZpi/oQV73hnVK+sR+5PVRMd+Dr7YQ=="],

    "color-convert": ["color-convert@2.0.1", "", { "dependencies": { "color-name": "~1.1.4" } }, "sha512-RRECPsj7iu/xb5oKYcsFHSppFNnsj/52OVTRKb4zP5onXwVF3zVmmToNcOfGC+CRDpfK/U584fMg38ZHCaElKQ=="],

    "color-name": ["color-name@1.1.4", "", {}, "sha512-dOy+3AuW3a2wNbZHIuMZpTcgjGuLU/uBL/ubcZF9OXbDo8ff4O8yVp5Bf0efS8uEoYo5q4Fx7dY9OgQGXgAsQA=="],

    "dompurify": ["dompurify@3.3.0", "", { "optionalDependencies": { "@types/trusted-types": "^2.0.7" } }, "sha512-r+f6MYR1gGN1eJv0TVQbhA7if/U7P87cdPl3HN5rikqaBSBxLiCb/b9O+2eG0cxz0ghyU+mU1QkbsOwERMYlWQ=="],

    "emoji-regex": ["emoji-regex@8.0.0", "", {}, "sha512-MSjYzcWNOA0ewAHpz0MxpYFvwg6yjy1NG3xteoqz644VCo/RPgnr1/GGt+ic3iJTzQ8Eu3TdM14SawnVUmGE6A=="],

    "escalade": ["escalade@3.2.0", "", {}, "sha512-WUj2qlxaQtO4g6Pq5c29GTcWGDyd8itL8zTlipgECz3JesAiiOKotd8JU6otB3PACgG6xkJUyVhboMS+bje/jA=="],

    "get-caller-file": ["get-caller-file@2.0.5", "", {}, "sha512-DyFP3BM/3YHTQOCUL/w0OZHR0lpKeGrxotcHWcqNEdnltqFwXVfhEBQ94eIo34AfQpo0rGki4cyIiftY06h2Fg=="],

    "getenv": ["getenv@2.0.0", "", {}, "sha512-VilgtJj/ALgGY77fiLam5iD336eSWi96Q15JSAG1zi8NRBysm3LXKdGnHb4m5cuyxvOLQQKWpBZAT6ni4FI2iQ=="],

    "is-fullwidth-code-point": ["is-fullwidth-code-point@3.0.0", "", {}, "sha512-zymm5+u+sCsSWyD9qNaejV3DFvhCKclKdizYaJUuHA83RLjb7nSuGnddCHGv0hk+KY7BMAlsWeK4Ueg6EV6XQg=="],

    "js-tokens": ["js-tokens@4.0.0", "", {}, "sha512-RdJUflcE3cUzKiMqQgsCu06FPu9UdIJO0beYbPhHN4k6apgJtifcoCtT9bcxOpYBtpD2kCM6Sbzg4CausW/PKQ=="],

    "links-notation": ["links-notation@0.13.0", "", {}, "sha512-52FoUAVOhjfC23bdvrxv6b4Eosp02WeM3qTN9Rsb3ouPof5YVQ5fOMlRPMJmKMmdseVzEnewNLFq3lADRpWTFg=="],

    "lino-arguments": ["lino-arguments@0.3.0", "", { "dependencies": { "getenv": "^2.0.0", "links-notation": "^0.11.2", "lino-env": "^0.2.6", "yargs": "^17.7.2" }, "peerDependencies": { "@dotenvx/dotenvx": "^1.0.0" }, "optionalPeers": ["@dotenvx/dotenvx"] }, "sha512-46RbNaq0kpDxjyzBqhiCjPypHy9tuL0ITC9LgEolFH65PKtwl0/kRxryleG+5HnqS1JLnUUypZ2GoHWhLWH/PQ=="],

    "lino-env": ["lino-env@0.2.8", "", { "dependencies": { "links-notation": "^0.11.2" } }, "sha512-j9JcPo8LWCSlWCO7B1SSL3OlpRc/bGaR/OYnH22DTiANaMaLWan7ebRIo2Pwaw/apcIzdV+UD5EXamdapbn6kA=="],

    "lino-i18n": ["lino-i18n@0.1.1", "", { "dependencies": { "links-notation": "^0.13.0", "lino-arguments": "^0.3.0", "lino-objects-codec": "^0.4.0" }, "bin": { "lino-i18n": "bin/lino-i18n.js" } }, "sha512-sVLcGOP8Qh4EyxCc92sONJGthdT8anrFBV++ziGRzzJjmpzJMEZeH9ENlc52JJ3gTdu1TWsp4yMzlB/DDKsvIQ=="],

    "lino-objects-codec": ["lino-objects-codec@0.4.0", "", { "dependencies": { "links-notation": "^0.11.0" } }, "sha512-LFSI8rrjyVp8raEsaoFNxnY9oS2SCz0UTYbeZXms+iHF1hGWuLk57kcKCk4KXnFf+/Z7kKz52oYYtII6JrpbBQ=="],

    "loose-envify": ["loose-envify@1.4.0", "", { "dependencies": { "js-tokens": "^3.0.0 || ^4.0.0" }, "bin": { "loose-envify": "cli.js" } }, "sha512-lyuxPGr/Wfhrlem2CL/UcnUc1zcqKAImBDzukY7Y5F/yQiNdko6+fRLevlw1HgMySw7f611UIY408EtxRSoK3Q=="],

    "marked": ["marked@17.0.1", "", { "bin": { "marked": "bin/marked.js" } }, "sha512-boeBdiS0ghpWcSwoNm/jJBwdpFaMnZWRzjA6SkUMYb40SVaN1x7mmfGKp0jvexGcx+7y2La5zRZsYFZI6Qpypg=="],

    "react": ["react@18.3.1", "", { "dependencies": { "loose-envify": "^1.1.0" } }, "sha512-wS+hAgJShR0KhEvPJArfuPVN1+Hz1t0Y6n5jLrGQbkb4urgPE/0Rve+1kMB1v/oWgHgm4WIcV+i7F2pTVj+2iQ=="],

    "react-dom": ["react-dom@18.3.1", "", { "dependencies": { "loose-envify": "^1.1.0", "scheduler": "^0.23.2" }, "peerDependencies": { "react": "^18.3.1" } }, "sha512-5m4nQKp+rZRb09LNH59GM4BxTh9251/ylbKIbpe7TpGxfJ+9kv6BLkLBXIjjspbgbnIBNqlI23tRnTWT0snUIw=="],

    "require-directory": ["require-directory@2.1.1", "", {}, "sha512-fGxEI7+wsG9xrvdjsrlmL22OMTTiHRwAMroiEeMgq8gzoLC/PQr7RsRDSTLUg/bZAZtF+TVIkHc6/4RIKrui+Q=="],

    "scheduler": ["scheduler@0.23.2", "", { "dependencies": { "loose-envify": "^1.1.0" } }, "sha512-UOShsPwz7NrMUqhR6t0hWjFduvOzbtv7toDH1/hIrfRNIDBnnBWd0CwJTGvTpngVlmwGCdP9/Zl/tVrDqcuYzQ=="],

    "string-width": ["string-width@4.2.3", "", { "dependencies": { "emoji-regex": "^8.0.0", "is-fullwidth-code-point": "^3.0.0", "strip-ansi": "^6.0.1" } }, "sha512-wKyQRQpjJ0sIp62ErSZdGsjMJWsap5oRNihHhu6G7JVO/9jIB6UyevL+tXuOqrng8j/cxKTWyWUwvSTriiZz/g=="],

    "strip-ansi": ["strip-ansi@6.0.1", "", { "dependencies": { "ansi-regex": "^5.0.1" } }, "sha512-Y38VPSHcqkFrCpFnQ9vuSXmquuv5oXOKpGeT6aGrr3o3Gc9AlVa6JBfUSOCnbxGGZF+/0ooI7KrPuUSztUdU5A=="],

    "wrap-ansi": ["wrap-ansi@7.0.0", "", { "dependencies": { "ansi-styles": "^4.0.0", "string-width": "^4.1.0", "strip-ansi": "^6.0.0" } }, "sha512-YVGIj2kamLSTxw6NsZjoBxfSwsn0ycdesmc4p+Q21c5zPuZ1pl+NfxVdxPtdHvmNVOQ6XSYG4AUtyt/Fi7D16Q=="],

    "y18n": ["y18n@5.0.8", "", {}, "sha512-0pfFzegeDWJHJIAmTLRP2DwHjdF5s7jo9tuztdQxAhINCdvS+3nGINqPd00AphqJR/0LhANUS6/+7SCb98YOfA=="],

    "yargs": ["yargs@17.7.2", "", { "dependencies": { "cliui": "^8.0.1", "escalade": "^3.1.1", "get-caller-file": "^2.0.5", "require-directory": "^2.1.1", "string-width": "^4.2.3", "y18n": "^5.0.5", "yargs-parser": "^21.1.1" } }, "sha512-7dSzzRQ++CKnNI/krKnYRV7JKKPUXMEh61soaHKg9mrWEhzFWhFnxPxGl+69cD1Ou63C13NUPCnmIcrvqCuM6w=="],

    "yargs-parser": ["yargs-parser@21.1.1", "", {}, "sha512-tVpsJW7DdjecAiFpbIB1e3qxIQsE6NoPc5/eTdrbbIC4h0LVsWhnoa3g+m2HclBIujHzsxZ4VJVA+GUuc2/LBw=="],

    "lino-arguments/links-notation": ["links-notation@0.11.2", "", {}, "sha512-VPyELWBXpaCCiNPVeZhMbG7RuvOQR51nhqELK+s/rbSzKYhSs+tyiSOdQ7z8I7Kh3PLABF3bZETtWSFwx3vFfg=="],

    "lino-env/links-notation": ["links-notation@0.11.2", "", {}, "sha512-VPyELWBXpaCCiNPVeZhMbG7RuvOQR51nhqELK+s/rbSzKYhSs+tyiSOdQ7z8I7Kh3PLABF3bZETtWSFwx3vFfg=="],

    "lino-objects-codec/links-notation": ["links-notation@0.11.2", "", {}, "sha512-VPyELWBXpaCCiNPVeZhMbG7RuvOQR51nhqELK+s/rbSzKYhSs+tyiSOdQ7z8I7Kh3PLABF3bZETtWSFwx3vFfg=="],
  }
}
